
Microsoft Visual Studio Solution File, Format Version 12.00
# Visual Studio Version 16
VisualStudioVersion = 16.0.31424.327
MinimumVisualStudioVersion = 15.0.26124.0
Project("{9A19103F-16F7-4668-BE54-9A1E7A4F7556}") = "Sample.Tests", "Sample.Tests\Sample.Tests.csproj", "{447D1077-4FB1-48C6-9AED-B821E2655FDC}"
EndProject
Project("{FAE04EC0-301F-11D3-BF4B-00C04F79EFBC}") = "ConsoleApp1", "ConsoleApp1\ConsoleApp1.csproj", "{F8EC4796-7E1D-455C-A707-BB71A71D7E8F}"
EndProject
Global
	GlobalSection(SolutionConfigurationPlatforms) = preSolution
		Debug|Any CPU = Debug|Any CPU
		Debug|x64 = Debug|x64
		Debug|x86 = Debug|x86
		Release|Any CPU = Release|Any CPU
		Release|x64 = Release|x64
		Release|x86 = Release|x86
	EndGlobalSection
	GlobalSection(ProjectConfigurationPlatforms) = postSolution
		{447D1077-4FB1-48C6-9AED-B821E2655FDC}.Debug|Any CPU.ActiveCfg = Debug|Any CPU
		{447D1077-4FB1-48C6-9AED-B821E2655FDC}.Debug|Any CPU.Build.0 = Debug|Any CPU
		{447D1077-4FB1-48C6-9AED-B821E2655FDC}.Debug|x64.ActiveCfg = Debug|Any CPU
		{447D1077-4FB1-48C6-9AED-B821E2655FDC}.Debug|x64.Build.0 = Debug|Any CPU
		{447D1077-4FB1-48C6-9AED-B821E2655FDC}.Debug|x86.ActiveCfg = Debug|Any CPU
		{447D1077-4FB1-48C6-9AED-B821E2655FDC}.Debug|x86.Build.0 = Debug|Any CPU
		{447D1077-4FB1-48C6-9AED-B821E2655FDC}.Release|Any CPU.ActiveCfg = Release|Any CPU
		{447D1077-4FB1-48C6-9AED-B821E2655FDC}.Release|Any CPU.Build.0 = Release|Any CPU
		{447D1077-4FB1-48C6-9AED-B821E2655FDC}.Release|x64.ActiveCfg = Release|Any CPU
		{447D1077-4FB1-48C6-9AED-B821E2655FDC}.Release|x64.Build.0 = Release|Any CPU
		{447D1077-4FB1-48C6-9AED-B821E2655FDC}.Release|x86.ActiveCfg = Release|Any CPU
		{447D1077-4FB1-48C6-9AED-B821E2655FDC}.Release|x86.Build.0 = Release|Any CPU
		{F8EC4796-7E1D-455C-A707-BB71A71D7E8F}.Debug|Any CPU.ActiveCfg = Debug|Any CPU
		{F8EC4796-7E1D-455C-A707-BB71A71D7E8F}.Debug|Any CPU.Build.0 = Debug|Any CPU
		{F8EC4796-7E1D-455C-A707-BB71A71D7E8F}.Debug|x64.ActiveCfg = Debug|Any CPU
		{F8EC4796-7E1D-455C-A707-BB71A71D7E8F}.Debug|x64.Build.0 = Debug|Any CPU
		{F8EC4796-7E1D-455C-A707-BB71A71D7E8F}.Debug|x86.ActiveCfg = Debug|Any CPU
		{F8EC4796-7E1D-455C-A707-BB71A71D7E8F}.Debug|x86.Build.0 = Debug|Any CPU
		{F8EC4796-7E1D-455C-A707-BB71A71D7E8F}.Release|Any CPU.ActiveCfg = Release|Any CPU
		{F8EC4796-7E1D-455C-A707-BB71A71D7E8F}.Release|Any CPU.Build.0 = Release|Any CPU
		{F8EC4796-7E1D-455C-A707-BB71A71D7E8F}.Release|x64.ActiveCfg = Release|Any CPU
		{F8EC4796-7E1D-455C-A707-BB71A71D7E8F}.Release|x64.Build.0 = Release|Any CPU
		{F8EC4796-7E1D-455C-A707-BB71A71D7E8F}.Release|x86.ActiveCfg = Release|Any CPU
		{F8EC4796-7E1D-455C-A707-BB71A71D7E8F}.Release|x86.Build.0 = Release|Any CPU
	EndGlobalSection
	GlobalSection(SolutionProperties) = preSolution
		HideSolutionNode = FALSE
	EndGlobalSection
	GlobalSection(ExtensibilityGlobals) = postSolution
		SolutionGuid = {712E11E4-510C-4E33-BE6B-D2E280D37DBD}
	EndGlobalSection
EndGlobal
